{
  "name": "pruebas",
  "version": "1.0.0",
  "lockfileVersion": 1,
  "requires": true,
  "dependencies": {
    "intro-node-js": {
      "version": "github:npm-js-ts-angular-modules-course/introduccion-node-js#07a2d07478fe0db0efef18f9ba5af6be921837f6",
      "from": "github:npm-js-ts-angular-modules-course/introduccion-node-js#v1.0.0"
    }
  }
}
